
Microsoft Visual Studio Solution File, Format Version 11.00
# Visual Studio 2010
Project("{FAE04EC0-301F-11D3-BF4B-00C04F79EFBC}") = "Assembly-CSharp", "Assembly-CSharp.csproj", "{6065EC5A-3021-F103-532B-7E886AB223CC}"
EndProject
Project("{FAE04EC0-301F-11D3-BF4B-00C04F79EFBC}") = "Assembly-CSharp-Editor", "Assembly-CSharp-Editor.csproj", "{FECD8A20-CD16-E57E-8D65-F74E3209DFAE}"
EndProject
Global
	GlobalSection(SolutionConfigurationPlatforms) = preSolution
		Debug|Any CPU = Debug|Any CPU
		Release|Any CPU = Release|Any CPU
	EndGlobalSection
	GlobalSection(ProjectConfigurationPlatforms) = postSolution
		{6065EC5A-3021-F103-532B-7E886AB223CC}.Debug|Any CPU.ActiveCfg = Debug|Any CPU
		{6065EC5A-3021-F103-532B-7E886AB223CC}.Debug|Any CPU.Build.0 = Debug|Any CPU
		{6065EC5A-3021-F103-532B-7E886AB223CC}.Release|Any CPU.ActiveCfg = Release|Any CPU
		{6065EC5A-3021-F103-532B-7E886AB223CC}.Release|Any CPU.Build.0 = Release|Any CPU
		{FECD8A20-CD16-E57E-8D65-F74E3209DFAE}.Debug|Any CPU.ActiveCfg = Debug|Any CPU
		{FECD8A20-CD16-E57E-8D65-F74E3209DFAE}.Debug|Any CPU.Build.0 = Debug|Any CPU
		{FECD8A20-CD16-E57E-8D65-F74E3209DFAE}.Release|Any CPU.ActiveCfg = Release|Any CPU
		{FECD8A20-CD16-E57E-8D65-F74E3209DFAE}.Release|Any CPU.Build.0 = Release|Any CPU
	EndGlobalSection
	GlobalSection(SolutionProperties) = preSolution
		HideSolutionNode = FALSE
	EndGlobalSection
	GlobalSection(MonoDevelopProperties) = preSolution
		StartupItem = Assembly-CSharp.csproj
	EndGlobalSection
EndGlobal
